
Microsoft Visual Studio Solution File, Format Version 12.00
# Visual Studio Version 17
VisualStudioVersion = 17.5.002.0
MinimumVisualStudioVersion = 10.0.40219.1
Project("{9A19103F-16F7-4668-BE54-9A1E7A4F7556}") = "screen-sound", "screen-sound.csproj", "{4189C20B-8180-43CC-92AF-87FEB8E390DC}"
EndProject
Global
	GlobalSection(SolutionConfigurationPlatforms) = preSolution
		Debug|Any CPU = Debug|Any CPU
		Release|Any CPU = Release|Any CPU
	EndGlobalSection
	GlobalSection(ProjectConfigurationPlatforms) = postSolution
		{4189C20B-8180-43CC-92AF-87FEB8E390DC}.Debug|Any CPU.ActiveCfg = Debug|Any CPU
		{4189C20B-8180-43CC-92AF-87FEB8E390DC}.Debug|Any CPU.Build.0 = Debug|Any CPU
		{4189C20B-8180-43CC-92AF-87FEB8E390DC}.Release|Any CPU.ActiveCfg = Release|Any CPU
		{4189C20B-8180-43CC-92AF-87FEB8E390DC}.Release|Any CPU.Build.0 = Release|Any CPU
	EndGlobalSection
	GlobalSection(SolutionProperties) = preSolution
		HideSolutionNode = FALSE
	EndGlobalSection
	GlobalSection(ExtensibilityGlobals) = postSolution
		SolutionGuid = {19753C7B-6A18-43FF-B999-CC224F05D61B}
	EndGlobalSection
EndGlobal
